# THIS IS AN AUTOGENERATED FILE. DO NOT EDIT THIS FILE DIRECTLY.
# yarn lockfile v1


"@figma/plugin-typings@*", "@figma/plugin-typings@1.x":
  "integrity" "sha512-gNyAFMA83oNJ8X4xrMjs49CCPwfRRdNepvZUx4gxS5/GBnZqV+rhEkM9crgJrynrE1VgxILLjQIPgUxxSNBWJQ=="
  "resolved" "https://registry.npmjs.org/@figma/plugin-typings/-/plugin-typings-1.55.1.tgz"
  "version" "1.55.1"

"@figma/widget-typings@*":
  "integrity" "sha512-gktog9TSdFpFIu3mEK3e8EsAUhBOmfVzHVMACR/0DRCneXUNaFyQnr/0Layg6BvAUyYzcYv8jT7Oe2e7GHIQ4g=="
  "resolved" "https://registry.npmjs.org/@figma/widget-typings/-/widget-typings-1.5.0.tgz"
  "version" "1.5.0"

"@types/node@^18.11.9":
  "integrity" "sha512-CRpX21/kGdzjOpFsZSkcrXMGIBWMGNIHXXBVFSH+ggkftxg+XYP20TESbh+zFvFj3EQOl5byk0HTRn1IL6hbqg=="
  "resolved" "https://registry.npmjs.org/@types/node/-/node-18.11.9.tgz"
  "version" "18.11.9"

"esbuild-darwin-64@0.15.13":
  "integrity" "sha512-WAx7c2DaOS6CrRcoYCgXgkXDliLnFv3pQLV6GeW1YcGEZq2Gnl8s9Pg7ahValZkpOa0iE/ojRVQ87sbUhF1Cbg=="
  "resolved" "https://registry.npmjs.org/esbuild-darwin-64/-/esbuild-darwin-64-0.15.13.tgz"
  "version" "0.15.13"

"esbuild@*":
  "integrity" "sha512-Cu3SC84oyzzhrK/YyN4iEVy2jZu5t2fz66HEOShHURcjSkOSAVL8C/gfUT+lDJxkVHpg8GZ10DD0rMHRPqMFaQ=="
  "resolved" "https://registry.npmjs.org/esbuild/-/esbuild-0.15.13.tgz"
  "version" "0.15.13"
  optionalDependencies:
    "@esbuild/android-arm" "0.15.13"
    "@esbuild/linux-loong64" "0.15.13"
    "esbuild-android-64" "0.15.13"
    "esbuild-android-arm64" "0.15.13"
    "esbuild-darwin-64" "0.15.13"
    "esbuild-darwin-arm64" "0.15.13"
    "esbuild-freebsd-64" "0.15.13"
    "esbuild-freebsd-arm64" "0.15.13"
    "esbuild-linux-32" "0.15.13"
    "esbuild-linux-64" "0.15.13"
    "esbuild-linux-arm" "0.15.13"
    "esbuild-linux-arm64" "0.15.13"
    "esbuild-linux-mips64le" "0.15.13"
    "esbuild-linux-ppc64le" "0.15.13"
    "esbuild-linux-riscv64" "0.15.13"
    "esbuild-linux-s390x" "0.15.13"
    "esbuild-netbsd-64" "0.15.13"
    "esbuild-openbsd-64" "0.15.13"
    "esbuild-sunos-64" "0.15.13"
    "esbuild-windows-32" "0.15.13"
    "esbuild-windows-64" "0.15.13"
    "esbuild-windows-arm64" "0.15.13"

"typescript@*":
  "integrity" "sha512-QCh+85mCy+h0IGff8r5XWzOVSbBO+KfeYrMQh7NJ58QujwcE22u+NUSmUxqF+un70P9GXKxa2HCNiTTMJknyjQ=="
  "resolved" "https://registry.npmjs.org/typescript/-/typescript-4.8.4.tgz"
  "version" "4.8.4"
